{
  "nodes": {
    "nixpkgs": {
      "locked": {
        "lastModified": 1735906646,
        "narHash": "sha256-w92XWdbIcaJM5JuzHfYcnwFxlYjW0QSUBOScmUcGbFg=",
        "owner": "anpin",
        "repo": "nixpkgs",
        "rev": "21436948018776969973ba464f90b2716a86eee3",
        "type": "github"
      },
      "original": {
        "owner": "anpin",
        "ref": "next",
        "repo": "nixpkgs",
        "type": "github"
      }
    },
    "root": {
      "inputs": {
        "nixpkgs": "nixpkgs"
      }
    }
  },
  "root": "root",
  "version": 7
}
